# This file was autogenerated by Stack.
# You should not edit this file by hand.
# For more information, please see the documentation at:
#   https://docs.haskellstack.org/en/stable/lock_files

packages:
- completed:
    size: 58963
    url: https://github.com/SPY/haskell-wasm/archive/54c3cfd69784ad618be8f759368545deb36b7db9.tar.gz
    name: wasm
    version: 1.0.1.0
    sha256: 68520222df60466daf017b85cb83c8679a5884c247640a04320280373b6a5d8e
    pantry-tree:
      size: 1218
      sha256: e15cb272f2e319cd369127b01187ac49362b9e18ca60263187e313b191305c68
  original:
    url: https://github.com/SPY/haskell-wasm/archive/54c3cfd69784ad618be8f759368545deb36b7db9.tar.gz
- completed:
    hackage: containers-0.5.11.0@sha256:28ad7337057442f75bc689315ab4ec7bdf5e6b2c39668f306672cecd82c02798,16685
    pantry-tree:
      size: 4849
      sha256: faa4e75922a28f7cfe9920c1d7ab3866b792cefcd29bf79f54cfe3b6b5f57cbf
  original:
    hackage: containers-0.5.11.0
- completed:
    hackage: text-1.2.4.1@sha256:e12b468008b3c2bbc1f39bd2dcb75ba8f563c65aa5e54ee223b76463a845b6f1,7184
    pantry-tree:
      size: 7720
      sha256: b1fd81329340a9c6eea4e78313d36c6a333a5de6032ec1536ff6c70a4300b46c
  original:
    hackage: text-1.2.4.1
- completed:
    hackage: binary-0.8.8.0@sha256:e9387a7ef2b34c6a23b09664c306e37cc01ae2cb4e4511a1c96ffb14008c24b0,6262
    pantry-tree:
      size: 1976
      sha256: 271cd1e75af293fc25a489d860f094dc635a4ed8b56aa5b343c58f4637736ca3
  original:
    hackage: binary-0.8.8.0
- completed:
    hackage: primitive-0.7.1.0@sha256:f6357d5720c1c665096c3e011467daf443198b786a708d2ff926958a24d508d4,2728
    pantry-tree:
      size: 1376
      sha256: 23b707600721b68533c0d4a4d4358c60946b39c2030747837ab7285530b6f6f0
  original:
    hackage: primitive-0.7.1.0
snapshots:
- completed:
    size: 524996
    url: https://raw.githubusercontent.com/commercialhaskell/stackage-snapshots/master/lts/14/27.yaml
    sha256: 7ea31a280c56bf36ff591a7397cc384d0dff622e7f9e4225b47d8980f019a0f0
  original: lts-14.27
